
Microsoft Visual Studio Solution File, Format Version 12.00
# Visual Studio 15
Project("{FAE04EC0-301F-11D3-BF4B-00C04F79EFBC}") = "UnityEngine.TestRunner", "UnityEngine.TestRunner.csproj", "{C9C8AFCE-B2CB-CA3A-7221-5518AC708117}"
EndProject
Project("{FAE04EC0-301F-11D3-BF4B-00C04F79EFBC}") = "Unity.Mathematics", "Unity.Mathematics.csproj", "{F38E2B99-C67A-94E5-C69A-2560C139B13D}"
EndProject
Project("{FAE04EC0-301F-11D3-BF4B-00C04F79EFBC}") = "Unity.2D.Animation.Triangle.Runtime", "Unity.2D.Animation.Triangle.Runtime.csproj", "{E2A7E256-151F-5149-58D3-EE992AA2CE2C}"
EndProject
Project("{FAE04EC0-301F-11D3-BF4B-00C04F79EFBC}") = "Unity.Timeline", "Unity.Timeline.csproj", "{31C3783D-3451-4123-39E5-072F457D1F58}"
EndProject
Project("{FAE04EC0-301F-11D3-BF4B-00C04F79EFBC}") = "UnityEngine.UI", "UnityEngine.UI.csproj", "{0307C475-F885-8190-91EB-7D9359F250A8}"
EndProject
Project("{FAE04EC0-301F-11D3-BF4B-00C04F79EFBC}") = "Unity.TextMeshPro", "Unity.TextMeshPro.csproj", "{E6A10F2D-D8CD-320C-23AB-065E122653EC}"
EndProject
Project("{FAE04EC0-301F-11D3-BF4B-00C04F79EFBC}") = "Unity.2D.Animation.Runtime", "Unity.2D.Animation.Runtime.csproj", "{EDFA854C-86A0-0ED2-1075-51FF089B2735}"
EndProject
Project("{FAE04EC0-301F-11D3-BF4B-00C04F79EFBC}") = "Unity.2D.IK.Runtime", "Unity.2D.IK.Runtime.csproj", "{A4B0952A-04C2-C023-11DF-18C82BA7CD97}"
EndProject
Project("{FAE04EC0-301F-11D3-BF4B-00C04F79EFBC}") = "Unity.2D.SpriteShape.Runtime", "Unity.2D.SpriteShape.Runtime.csproj", "{EB316C80-2231-80DD-B3FC-FD7F3C388000}"
EndProject
Project("{FAE04EC0-301F-11D3-BF4B-00C04F79EFBC}") = "Assembly-CSharp", "Assembly-CSharp.csproj", "{525B471C-3A1B-F9DC-B5F0-A130193726C4}"
EndProject
Project("{FAE04EC0-301F-11D3-BF4B-00C04F79EFBC}") = "Unity.2D.PixelPerfect", "Unity.2D.PixelPerfect.csproj", "{3C8C497A-7BD4-F3EB-3EAE-FF8765692560}"
EndProject
Project("{FAE04EC0-301F-11D3-BF4B-00C04F79EFBC}") = "Unity.2D.Common.Runtime", "Unity.2D.Common.Runtime.csproj", "{B97C6CF4-FA02-BEE6-2F99-B96618576381}"
EndProject
Project("{FAE04EC0-301F-11D3-BF4B-00C04F79EFBC}") = "Unity.InternalAPIEngineBridge.001", "Unity.InternalAPIEngineBridge.001.csproj", "{07BC0B93-BF39-51A8-E8B2-C40CD522F17F}"
EndProject
Project("{FAE04EC0-301F-11D3-BF4B-00C04F79EFBC}") = "UnityEditor.TestRunner", "UnityEditor.TestRunner.csproj", "{00CC9FD0-1F4F-8FDB-5048-ADF976D3DF7B}"
EndProject
Project("{FAE04EC0-301F-11D3-BF4B-00C04F79EFBC}") = "Unity.PlasticSCM.Editor", "Unity.PlasticSCM.Editor.csproj", "{46F20664-724D-981C-6017-95889CA9CF92}"
EndProject
Project("{FAE04EC0-301F-11D3-BF4B-00C04F79EFBC}") = "UnityEditor.UI", "UnityEditor.UI.csproj", "{3B0599F1-98B4-C653-3939-EB78C1A6285F}"
EndProject
Project("{FAE04EC0-301F-11D3-BF4B-00C04F79EFBC}") = "Unity.Timeline.Editor", "Unity.Timeline.Editor.csproj", "{18F4584A-4BE0-841E-9CC0-DF7693B3CA6D}"
EndProject
Project("{FAE04EC0-301F-11D3-BF4B-00C04F79EFBC}") = "Unity.VisualStudio.Editor", "Unity.VisualStudio.Editor.csproj", "{6C73F55D-9843-5A16-DF08-85F3A15308AD}"
EndProject
Project("{FAE04EC0-301F-11D3-BF4B-00C04F79EFBC}") = "Unity.2D.Psdimporter.Editor", "Unity.2D.Psdimporter.Editor.csproj", "{736F6C68-4226-CEED-EC2A-AB58DD2EA29B}"
EndProject
Project("{FAE04EC0-301F-11D3-BF4B-00C04F79EFBC}") = "Unity.2D.Animation.Editor", "Unity.2D.Animation.Editor.csproj", "{3B0E2375-33D7-64E3-E0A1-55A7196D2BDE}"
EndProject
Project("{FAE04EC0-301F-11D3-BF4B-00C04F79EFBC}") = "Unity.TextMeshPro.Editor", "Unity.TextMeshPro.Editor.csproj", "{C408AFFE-DBF3-D62A-3996-547580616CE0}"
EndProject
Project("{FAE04EC0-301F-11D3-BF4B-00C04F79EFBC}") = "Unity.2D.SpriteShape.Editor", "Unity.2D.SpriteShape.Editor.csproj", "{4FD0CEDB-674E-CBEE-8CA6-FD774CA4A022}"
EndProject
Project("{FAE04EC0-301F-11D3-BF4B-00C04F79EFBC}") = "Unity.CollabProxy.Editor", "Unity.CollabProxy.Editor.csproj", "{F434E88D-9692-06E4-96ED-139BB0A5E50A}"
EndProject
Project("{FAE04EC0-301F-11D3-BF4B-00C04F79EFBC}") = "PsdPlugin", "PsdPlugin.csproj", "{B52ECFF4-7233-4C51-167C-A8E34A23D418}"
EndProject
Project("{FAE04EC0-301F-11D3-BF4B-00C04F79EFBC}") = "Unity.2D.Path.Editor", "Unity.2D.Path.Editor.csproj", "{F1F762B3-1F82-02FA-C978-9C8B6F8B5FE8}"
EndProject
Project("{FAE04EC0-301F-11D3-BF4B-00C04F79EFBC}") = "Unity.Rider.Editor", "Unity.Rider.Editor.csproj", "{EC88E858-2874-C51A-F6A3-F3F106DBD5EF}"
EndProject
Project("{FAE04EC0-301F-11D3-BF4B-00C04F79EFBC}") = "Unity.2D.IK.Editor", "Unity.2D.IK.Editor.csproj", "{0742E828-7E9D-FB62-99F0-FB8D85C84D20}"
EndProject
Project("{FAE04EC0-301F-11D3-BF4B-00C04F79EFBC}") = "Unity.2D.Sprite.Editor", "Unity.2D.Sprite.Editor.csproj", "{320219C2-BCAC-3328-C15C-EC15C2320FC6}"
EndProject
Project("{FAE04EC0-301F-11D3-BF4B-00C04F79EFBC}") = "Unity.2D.Tilemap.Editor", "Unity.2D.Tilemap.Editor.csproj", "{A41F335C-467F-2630-D901-D8AA365AEF5E}"
EndProject
Project("{FAE04EC0-301F-11D3-BF4B-00C04F79EFBC}") = "Unity.2D.PixelPerfect.Editor", "Unity.2D.PixelPerfect.Editor.csproj", "{E706E61A-CF55-1FA0-DF49-A34F98900150}"
EndProject
Project("{FAE04EC0-301F-11D3-BF4B-00C04F79EFBC}") = "Unity.VSCode.Editor", "Unity.VSCode.Editor.csproj", "{3C7E41B5-FADF-69B8-3A93-08B8774C7193}"
EndProject
Project("{FAE04EC0-301F-11D3-BF4B-00C04F79EFBC}") = "Unity.2D.Common.Editor", "Unity.2D.Common.Editor.csproj", "{FBFFF6E9-96DF-33CA-D082-7B0004230F1C}"
EndProject
Project("{FAE04EC0-301F-11D3-BF4B-00C04F79EFBC}") = "Unity.Mathematics.Editor", "Unity.Mathematics.Editor.csproj", "{AD2E0690-F030-772C-9B16-A47497FC7F09}"
EndProject
Project("{FAE04EC0-301F-11D3-BF4B-00C04F79EFBC}") = "Unity.InternalAPIEditorBridge.001", "Unity.InternalAPIEditorBridge.001.csproj", "{A6DB642E-738B-5621-3B80-4ACA34E55D70}"
EndProject
Project("{FAE04EC0-301F-11D3-BF4B-00C04F79EFBC}") = "UnityEngine.TestRunner", "UnityEngine.TestRunner.Player.csproj", "{57192CC1-549D-04F4-68FE-B2546629A54A}"
EndProject
Project("{FAE04EC0-301F-11D3-BF4B-00C04F79EFBC}") = "Unity.Mathematics", "Unity.Mathematics.Player.csproj", "{3CE90255-4D75-3274-8712-F3BD775C5246}"
EndProject
Project("{FAE04EC0-301F-11D3-BF4B-00C04F79EFBC}") = "Unity.2D.Animation.Triangle.Runtime", "Unity.2D.Animation.Triangle.Runtime.Player.csproj", "{4906A14B-3FBE-E8F6-E4D2-902E299E366B}"
EndProject
Project("{FAE04EC0-301F-11D3-BF4B-00C04F79EFBC}") = "Unity.Timeline", "Unity.Timeline.Player.csproj", "{33B48295-1A9D-02D6-1333-651EF3A34E4D}"
EndProject
Project("{FAE04EC0-301F-11D3-BF4B-00C04F79EFBC}") = "UnityEngine.UI", "UnityEngine.UI.Player.csproj", "{0CC21C19-FE27-2CFC-1BB9-2D0A91ACB011}"
EndProject
Project("{FAE04EC0-301F-11D3-BF4B-00C04F79EFBC}") = "Unity.TextMeshPro", "Unity.TextMeshPro.Player.csproj", "{7DEE33E2-5319-FE94-A0D1-B6AA1E1D49A8}"
EndProject
Project("{FAE04EC0-301F-11D3-BF4B-00C04F79EFBC}") = "Unity.2D.Animation.Runtime", "Unity.2D.Animation.Runtime.Player.csproj", "{F31636C8-22D8-472A-024F-2373B3E7C97D}"
EndProject
Project("{FAE04EC0-301F-11D3-BF4B-00C04F79EFBC}") = "Unity.2D.IK.Runtime", "Unity.2D.IK.Runtime.Player.csproj", "{F292CDC4-E975-CC35-3844-228DE636E8A2}"
EndProject
Project("{FAE04EC0-301F-11D3-BF4B-00C04F79EFBC}") = "Unity.2D.SpriteShape.Runtime", "Unity.2D.SpriteShape.Runtime.Player.csproj", "{512922E0-1EF3-6CB6-37E9-0CD44E3FD21F}"
EndProject
Project("{FAE04EC0-301F-11D3-BF4B-00C04F79EFBC}") = "Assembly-CSharp", "Assembly-CSharp.Player.csproj", "{93262113-93A0-84B2-F6E2-8D73CD428133}"
EndProject
Project("{FAE04EC0-301F-11D3-BF4B-00C04F79EFBC}") = "Unity.2D.PixelPerfect", "Unity.2D.PixelPerfect.Player.csproj", "{51BD0D54-2340-1262-B68C-126540D72FEA}"
EndProject
Project("{FAE04EC0-301F-11D3-BF4B-00C04F79EFBC}") = "Unity.2D.Common.Runtime", "Unity.2D.Common.Runtime.Player.csproj", "{81389FD6-4457-F33B-F57E-5C961EF317A0}"
EndProject
Project("{FAE04EC0-301F-11D3-BF4B-00C04F79EFBC}") = "Unity.InternalAPIEngineBridge.001", "Unity.InternalAPIEngineBridge.001.Player.csproj", "{2BE1CC3A-0818-D8CF-7048-DB1E7569FE10}"
EndProject
Global
	GlobalSection(SolutionConfigurationPlatforms) = preSolution
		Debug|Any CPU = Debug|Any CPU
		Release|Any CPU = Release|Any CPU
	EndGlobalSection
	GlobalSection(ProjectConfigurationPlatforms) = postSolution
		{C9C8AFCE-B2CB-CA3A-7221-5518AC708117}.Debug|Any CPU.ActiveCfg = Debug|Any CPU
		{C9C8AFCE-B2CB-CA3A-7221-5518AC708117}.Debug|Any CPU.Build.0 = Debug|Any CPU
		{C9C8AFCE-B2CB-CA3A-7221-5518AC708117}.Release|Any CPU.ActiveCfg = Release|Any CPU
		{C9C8AFCE-B2CB-CA3A-7221-5518AC708117}.Release|Any CPU.Build.0 = Release|Any CPU
		{F38E2B99-C67A-94E5-C69A-2560C139B13D}.Debug|Any CPU.ActiveCfg = Debug|Any CPU
		{F38E2B99-C67A-94E5-C69A-2560C139B13D}.Debug|Any CPU.Build.0 = Debug|Any CPU
		{F38E2B99-C67A-94E5-C69A-2560C139B13D}.Release|Any CPU.ActiveCfg = Release|Any CPU
		{F38E2B99-C67A-94E5-C69A-2560C139B13D}.Release|Any CPU.Build.0 = Release|Any CPU
		{E2A7E256-151F-5149-58D3-EE992AA2CE2C}.Debug|Any CPU.ActiveCfg = Debug|Any CPU
		{E2A7E256-151F-5149-58D3-EE992AA2CE2C}.Debug|Any CPU.Build.0 = Debug|Any CPU
		{E2A7E256-151F-5149-58D3-EE992AA2CE2C}.Release|Any CPU.ActiveCfg = Release|Any CPU
		{E2A7E256-151F-5149-58D3-EE992AA2CE2C}.Release|Any CPU.Build.0 = Release|Any CPU
		{31C3783D-3451-4123-39E5-072F457D1F58}.Debug|Any CPU.ActiveCfg = Debug|Any CPU
		{31C3783D-3451-4123-39E5-072F457D1F58}.Debug|Any CPU.Build.0 = Debug|Any CPU
		{31C3783D-3451-4123-39E5-072F457D1F58}.Release|Any CPU.ActiveCfg = Release|Any CPU
		{31C3783D-3451-4123-39E5-072F457D1F58}.Release|Any CPU.Build.0 = Release|Any CPU
		{0307C475-F885-8190-91EB-7D9359F250A8}.Debug|Any CPU.ActiveCfg = Debug|Any CPU
		{0307C475-F885-8190-91EB-7D9359F250A8}.Debug|Any CPU.Build.0 = Debug|Any CPU
		{0307C475-F885-8190-91EB-7D9359F250A8}.Release|Any CPU.ActiveCfg = Release|Any CPU
		{0307C475-F885-8190-91EB-7D9359F250A8}.Release|Any CPU.Build.0 = Release|Any CPU
		{E6A10F2D-D8CD-320C-23AB-065E122653EC}.Debug|Any CPU.ActiveCfg = Debug|Any CPU
		{E6A10F2D-D8CD-320C-23AB-065E122653EC}.Debug|Any CPU.Build.0 = Debug|Any CPU
		{E6A10F2D-D8CD-320C-23AB-065E122653EC}.Release|Any CPU.ActiveCfg = Release|Any CPU
		{E6A10F2D-D8CD-320C-23AB-065E122653EC}.Release|Any CPU.Build.0 = Release|Any CPU
		{EDFA854C-86A0-0ED2-1075-51FF089B2735}.Debug|Any CPU.ActiveCfg = Debug|Any CPU
		{EDFA854C-86A0-0ED2-1075-51FF089B2735}.Debug|Any CPU.Build.0 = Debug|Any CPU
		{EDFA854C-86A0-0ED2-1075-51FF089B2735}.Release|Any CPU.ActiveCfg = Release|Any CPU
		{EDFA854C-86A0-0ED2-1075-51FF089B2735}.Release|Any CPU.Build.0 = Release|Any CPU
		{A4B0952A-04C2-C023-11DF-18C82BA7CD97}.Debug|Any CPU.ActiveCfg = Debug|Any CPU
		{A4B0952A-04C2-C023-11DF-18C82BA7CD97}.Debug|Any CPU.Build.0 = Debug|Any CPU
		{A4B0952A-04C2-C023-11DF-18C82BA7CD97}.Release|Any CPU.ActiveCfg = Release|Any CPU
		{A4B0952A-04C2-C023-11DF-18C82BA7CD97}.Release|Any CPU.Build.0 = Release|Any CPU
		{EB316C80-2231-80DD-B3FC-FD7F3C388000}.Debug|Any CPU.ActiveCfg = Debug|Any CPU
		{EB316C80-2231-80DD-B3FC-FD7F3C388000}.Debug|Any CPU.Build.0 = Debug|Any CPU
		{EB316C80-2231-80DD-B3FC-FD7F3C388000}.Release|Any CPU.ActiveCfg = Release|Any CPU
		{EB316C80-2231-80DD-B3FC-FD7F3C388000}.Release|Any CPU.Build.0 = Release|Any CPU
		{525B471C-3A1B-F9DC-B5F0-A130193726C4}.Debug|Any CPU.ActiveCfg = Debug|Any CPU
		{525B471C-3A1B-F9DC-B5F0-A130193726C4}.Debug|Any CPU.Build.0 = Debug|Any CPU
		{525B471C-3A1B-F9DC-B5F0-A130193726C4}.Release|Any CPU.ActiveCfg = Release|Any CPU
		{525B471C-3A1B-F9DC-B5F0-A130193726C4}.Release|Any CPU.Build.0 = Release|Any CPU
		{3C8C497A-7BD4-F3EB-3EAE-FF8765692560}.Debug|Any CPU.ActiveCfg = Debug|Any CPU
		{3C8C497A-7BD4-F3EB-3EAE-FF8765692560}.Debug|Any CPU.Build.0 = Debug|Any CPU
		{3C8C497A-7BD4-F3EB-3EAE-FF8765692560}.Release|Any CPU.ActiveCfg = Release|Any CPU
		{3C8C497A-7BD4-F3EB-3EAE-FF8765692560}.Release|Any CPU.Build.0 = Release|Any CPU
		{B97C6CF4-FA02-BEE6-2F99-B96618576381}.Debug|Any CPU.ActiveCfg = Debug|Any CPU
		{B97C6CF4-FA02-BEE6-2F99-B96618576381}.Debug|Any CPU.Build.0 = Debug|Any CPU
		{B97C6CF4-FA02-BEE6-2F99-B96618576381}.Release|Any CPU.ActiveCfg = Release|Any CPU
		{B97C6CF4-FA02-BEE6-2F99-B96618576381}.Release|Any CPU.Build.0 = Release|Any CPU
		{07BC0B93-BF39-51A8-E8B2-C40CD522F17F}.Debug|Any CPU.ActiveCfg = Debug|Any CPU
		{07BC0B93-BF39-51A8-E8B2-C40CD522F17F}.Debug|Any CPU.Build.0 = Debug|Any CPU
		{07BC0B93-BF39-51A8-E8B2-C40CD522F17F}.Release|Any CPU.ActiveCfg = Release|Any CPU
		{07BC0B93-BF39-51A8-E8B2-C40CD522F17F}.Release|Any CPU.Build.0 = Release|Any CPU
		{00CC9FD0-1F4F-8FDB-5048-ADF976D3DF7B}.Debug|Any CPU.ActiveCfg = Debug|Any CPU
		{00CC9FD0-1F4F-8FDB-5048-ADF976D3DF7B}.Debug|Any CPU.Build.0 = Debug|Any CPU
		{00CC9FD0-1F4F-8FDB-5048-ADF976D3DF7B}.Release|Any CPU.ActiveCfg = Release|Any CPU
		{00CC9FD0-1F4F-8FDB-5048-ADF976D3DF7B}.Release|Any CPU.Build.0 = Release|Any CPU
		{46F20664-724D-981C-6017-95889CA9CF92}.Debug|Any CPU.ActiveCfg = Debug|Any CPU
		{46F20664-724D-981C-6017-95889CA9CF92}.Debug|Any CPU.Build.0 = Debug|Any CPU
		{46F20664-724D-981C-6017-95889CA9CF92}.Release|Any CPU.ActiveCfg = Release|Any CPU
		{46F20664-724D-981C-6017-95889CA9CF92}.Release|Any CPU.Build.0 = Release|Any CPU
		{3B0599F1-98B4-C653-3939-EB78C1A6285F}.Debug|Any CPU.ActiveCfg = Debug|Any CPU
		{3B0599F1-98B4-C653-3939-EB78C1A6285F}.Debug|Any CPU.Build.0 = Debug|Any CPU
		{3B0599F1-98B4-C653-3939-EB78C1A6285F}.Release|Any CPU.ActiveCfg = Release|Any CPU
		{3B0599F1-98B4-C653-3939-EB78C1A6285F}.Release|Any CPU.Build.0 = Release|Any CPU
		{18F4584A-4BE0-841E-9CC0-DF7693B3CA6D}.Debug|Any CPU.ActiveCfg = Debug|Any CPU
		{18F4584A-4BE0-841E-9CC0-DF7693B3CA6D}.Debug|Any CPU.Build.0 = Debug|Any CPU
		{18F4584A-4BE0-841E-9CC0-DF7693B3CA6D}.Release|Any CPU.ActiveCfg = Release|Any CPU
		{18F4584A-4BE0-841E-9CC0-DF7693B3CA6D}.Release|Any CPU.Build.0 = Release|Any CPU
		{6C73F55D-9843-5A16-DF08-85F3A15308AD}.Debug|Any CPU.ActiveCfg = Debug|Any CPU
		{6C73F55D-9843-5A16-DF08-85F3A15308AD}.Debug|Any CPU.Build.0 = Debug|Any CPU
		{6C73F55D-9843-5A16-DF08-85F3A15308AD}.Release|Any CPU.ActiveCfg = Release|Any CPU
		{6C73F55D-9843-5A16-DF08-85F3A15308AD}.Release|Any CPU.Build.0 = Release|Any CPU
		{736F6C68-4226-CEED-EC2A-AB58DD2EA29B}.Debug|Any CPU.ActiveCfg = Debug|Any CPU
		{736F6C68-4226-CEED-EC2A-AB58DD2EA29B}.Debug|Any CPU.Build.0 = Debug|Any CPU
		{736F6C68-4226-CEED-EC2A-AB58DD2EA29B}.Release|Any CPU.ActiveCfg = Release|Any CPU
		{736F6C68-4226-CEED-EC2A-AB58DD2EA29B}.Release|Any CPU.Build.0 = Release|Any CPU
		{3B0E2375-33D7-64E3-E0A1-55A7196D2BDE}.Debug|Any CPU.ActiveCfg = Debug|Any CPU
		{3B0E2375-33D7-64E3-E0A1-55A7196D2BDE}.Debug|Any CPU.Build.0 = Debug|Any CPU
		{3B0E2375-33D7-64E3-E0A1-55A7196D2BDE}.Release|Any CPU.ActiveCfg = Release|Any CPU
		{3B0E2375-33D7-64E3-E0A1-55A7196D2BDE}.Release|Any CPU.Build.0 = Release|Any CPU
		{C408AFFE-DBF3-D62A-3996-547580616CE0}.Debug|Any CPU.ActiveCfg = Debug|Any CPU
		{C408AFFE-DBF3-D62A-3996-547580616CE0}.Debug|Any CPU.Build.0 = Debug|Any CPU
		{C408AFFE-DBF3-D62A-3996-547580616CE0}.Release|Any CPU.ActiveCfg = Release|Any CPU
		{C408AFFE-DBF3-D62A-3996-547580616CE0}.Release|Any CPU.Build.0 = Release|Any CPU
		{4FD0CEDB-674E-CBEE-8CA6-FD774CA4A022}.Debug|Any CPU.ActiveCfg = Debug|Any CPU
		{4FD0CEDB-674E-CBEE-8CA6-FD774CA4A022}.Debug|Any CPU.Build.0 = Debug|Any CPU
		{4FD0CEDB-674E-CBEE-8CA6-FD774CA4A022}.Release|Any CPU.ActiveCfg = Release|Any CPU
		{4FD0CEDB-674E-CBEE-8CA6-FD774CA4A022}.Release|Any CPU.Build.0 = Release|Any CPU
		{F434E88D-9692-06E4-96ED-139BB0A5E50A}.Debug|Any CPU.ActiveCfg = Debug|Any CPU
		{F434E88D-9692-06E4-96ED-139BB0A5E50A}.Debug|Any CPU.Build.0 = Debug|Any CPU
		{F434E88D-9692-06E4-96ED-139BB0A5E50A}.Release|Any CPU.ActiveCfg = Release|Any CPU
		{F434E88D-9692-06E4-96ED-139BB0A5E50A}.Release|Any CPU.Build.0 = Release|Any CPU
		{B52ECFF4-7233-4C51-167C-A8E34A23D418}.Debug|Any CPU.ActiveCfg = Debug|Any CPU
		{B52ECFF4-7233-4C51-167C-A8E34A23D418}.Debug|Any CPU.Build.0 = Debug|Any CPU
		{B52ECFF4-7233-4C51-167C-A8E34A23D418}.Release|Any CPU.ActiveCfg = Release|Any CPU
		{B52ECFF4-7233-4C51-167C-A8E34A23D418}.Release|Any CPU.Build.0 = Release|Any CPU
		{F1F762B3-1F82-02FA-C978-9C8B6F8B5FE8}.Debug|Any CPU.ActiveCfg = Debug|Any CPU
		{F1F762B3-1F82-02FA-C978-9C8B6F8B5FE8}.Debug|Any CPU.Build.0 = Debug|Any CPU
		{F1F762B3-1F82-02FA-C978-9C8B6F8B5FE8}.Release|Any CPU.ActiveCfg = Release|Any CPU
		{F1F762B3-1F82-02FA-C978-9C8B6F8B5FE8}.Release|Any CPU.Build.0 = Release|Any CPU
		{EC88E858-2874-C51A-F6A3-F3F106DBD5EF}.Debug|Any CPU.ActiveCfg = Debug|Any CPU
		{EC88E858-2874-C51A-F6A3-F3F106DBD5EF}.Debug|Any CPU.Build.0 = Debug|Any CPU
		{EC88E858-2874-C51A-F6A3-F3F106DBD5EF}.Release|Any CPU.ActiveCfg = Release|Any CPU
		{EC88E858-2874-C51A-F6A3-F3F106DBD5EF}.Release|Any CPU.Build.0 = Release|Any CPU
		{0742E828-7E9D-FB62-99F0-FB8D85C84D20}.Debug|Any CPU.ActiveCfg = Debug|Any CPU
		{0742E828-7E9D-FB62-99F0-FB8D85C84D20}.Debug|Any CPU.Build.0 = Debug|Any CPU
		{0742E828-7E9D-FB62-99F0-FB8D85C84D20}.Release|Any CPU.ActiveCfg = Release|Any CPU
		{0742E828-7E9D-FB62-99F0-FB8D85C84D20}.Release|Any CPU.Build.0 = Release|Any CPU
		{320219C2-BCAC-3328-C15C-EC15C2320FC6}.Debug|Any CPU.ActiveCfg = Debug|Any CPU
		{320219C2-BCAC-3328-C15C-EC15C2320FC6}.Debug|Any CPU.Build.0 = Debug|Any CPU
		{320219C2-BCAC-3328-C15C-EC15C2320FC6}.Release|Any CPU.ActiveCfg = Release|Any CPU
		{320219C2-BCAC-3328-C15C-EC15C2320FC6}.Release|Any CPU.Build.0 = Release|Any CPU
		{A41F335C-467F-2630-D901-D8AA365AEF5E}.Debug|Any CPU.ActiveCfg = Debug|Any CPU
		{A41F335C-467F-2630-D901-D8AA365AEF5E}.Debug|Any CPU.Build.0 = Debug|Any CPU
		{A41F335C-467F-2630-D901-D8AA365AEF5E}.Release|Any CPU.ActiveCfg = Release|Any CPU
		{A41F335C-467F-2630-D901-D8AA365AEF5E}.Release|Any CPU.Build.0 = Release|Any CPU
		{E706E61A-CF55-1FA0-DF49-A34F98900150}.Debug|Any CPU.ActiveCfg = Debug|Any CPU
		{E706E61A-CF55-1FA0-DF49-A34F98900150}.Debug|Any CPU.Build.0 = Debug|Any CPU
		{E706E61A-CF55-1FA0-DF49-A34F98900150}.Release|Any CPU.ActiveCfg = Release|Any CPU
		{E706E61A-CF55-1FA0-DF49-A34F98900150}.Release|Any CPU.Build.0 = Release|Any CPU
		{3C7E41B5-FADF-69B8-3A93-08B8774C7193}.Debug|Any CPU.ActiveCfg = Debug|Any CPU
		{3C7E41B5-FADF-69B8-3A93-08B8774C7193}.Debug|Any CPU.Build.0 = Debug|Any CPU
		{3C7E41B5-FADF-69B8-3A93-08B8774C7193}.Release|Any CPU.ActiveCfg = Release|Any CPU
		{3C7E41B5-FADF-69B8-3A93-08B8774C7193}.Release|Any CPU.Build.0 = Release|Any CPU
		{FBFFF6E9-96DF-33CA-D082-7B0004230F1C}.Debug|Any CPU.ActiveCfg = Debug|Any CPU
		{FBFFF6E9-96DF-33CA-D082-7B0004230F1C}.Debug|Any CPU.Build.0 = Debug|Any CPU
		{FBFFF6E9-96DF-33CA-D082-7B0004230F1C}.Release|Any CPU.ActiveCfg = Release|Any CPU
		{FBFFF6E9-96DF-33CA-D082-7B0004230F1C}.Release|Any CPU.Build.0 = Release|Any CPU
		{AD2E0690-F030-772C-9B16-A47497FC7F09}.Debug|Any CPU.ActiveCfg = Debug|Any CPU
		{AD2E0690-F030-772C-9B16-A47497FC7F09}.Debug|Any CPU.Build.0 = Debug|Any CPU
		{AD2E0690-F030-772C-9B16-A47497FC7F09}.Release|Any CPU.ActiveCfg = Release|Any CPU
		{AD2E0690-F030-772C-9B16-A47497FC7F09}.Release|Any CPU.Build.0 = Release|Any CPU
		{A6DB642E-738B-5621-3B80-4ACA34E55D70}.Debug|Any CPU.ActiveCfg = Debug|Any CPU
		{A6DB642E-738B-5621-3B80-4ACA34E55D70}.Debug|Any CPU.Build.0 = Debug|Any CPU
		{A6DB642E-738B-5621-3B80-4ACA34E55D70}.Release|Any CPU.ActiveCfg = Release|Any CPU
		{A6DB642E-738B-5621-3B80-4ACA34E55D70}.Release|Any CPU.Build.0 = Release|Any CPU
		{57192CC1-549D-04F4-68FE-B2546629A54A}.Debug|Any CPU.ActiveCfg = Debug|Any CPU
		{57192CC1-549D-04F4-68FE-B2546629A54A}.Debug|Any CPU.Build.0 = Debug|Any CPU
		{57192CC1-549D-04F4-68FE-B2546629A54A}.Release|Any CPU.ActiveCfg = Release|Any CPU
		{57192CC1-549D-04F4-68FE-B2546629A54A}.Release|Any CPU.Build.0 = Release|Any CPU
		{3CE90255-4D75-3274-8712-F3BD775C5246}.Debug|Any CPU.ActiveCfg = Debug|Any CPU
		{3CE90255-4D75-3274-8712-F3BD775C5246}.Debug|Any CPU.Build.0 = Debug|Any CPU
		{3CE90255-4D75-3274-8712-F3BD775C5246}.Release|Any CPU.ActiveCfg = Release|Any CPU
		{3CE90255-4D75-3274-8712-F3BD775C5246}.Release|Any CPU.Build.0 = Release|Any CPU
		{4906A14B-3FBE-E8F6-E4D2-902E299E366B}.Debug|Any CPU.ActiveCfg = Debug|Any CPU
		{4906A14B-3FBE-E8F6-E4D2-902E299E366B}.Debug|Any CPU.Build.0 = Debug|Any CPU
		{4906A14B-3FBE-E8F6-E4D2-902E299E366B}.Release|Any CPU.ActiveCfg = Release|Any CPU
		{4906A14B-3FBE-E8F6-E4D2-902E299E366B}.Release|Any CPU.Build.0 = Release|Any CPU
		{33B48295-1A9D-02D6-1333-651EF3A34E4D}.Debug|Any CPU.ActiveCfg = Debug|Any CPU
		{33B48295-1A9D-02D6-1333-651EF3A34E4D}.Debug|Any CPU.Build.0 = Debug|Any CPU
		{33B48295-1A9D-02D6-1333-651EF3A34E4D}.Release|Any CPU.ActiveCfg = Release|Any CPU
		{33B48295-1A9D-02D6-1333-651EF3A34E4D}.Release|Any CPU.Build.0 = Release|Any CPU
		{0CC21C19-FE27-2CFC-1BB9-2D0A91ACB011}.Debug|Any CPU.ActiveCfg = Debug|Any CPU
		{0CC21C19-FE27-2CFC-1BB9-2D0A91ACB011}.Debug|Any CPU.Build.0 = Debug|Any CPU
		{0CC21C19-FE27-2CFC-1BB9-2D0A91ACB011}.Release|Any CPU.ActiveCfg = Release|Any CPU
		{0CC21C19-FE27-2CFC-1BB9-2D0A91ACB011}.Release|Any CPU.Build.0 = Release|Any CPU
		{7DEE33E2-5319-FE94-A0D1-B6AA1E1D49A8}.Debug|Any CPU.ActiveCfg = Debug|Any CPU
		{7DEE33E2-5319-FE94-A0D1-B6AA1E1D49A8}.Debug|Any CPU.Build.0 = Debug|Any CPU
		{7DEE33E2-5319-FE94-A0D1-B6AA1E1D49A8}.Release|Any CPU.ActiveCfg = Release|Any CPU
		{7DEE33E2-5319-FE94-A0D1-B6AA1E1D49A8}.Release|Any CPU.Build.0 = Release|Any CPU
		{F31636C8-22D8-472A-024F-2373B3E7C97D}.Debug|Any CPU.ActiveCfg = Debug|Any CPU
		{F31636C8-22D8-472A-024F-2373B3E7C97D}.Debug|Any CPU.Build.0 = Debug|Any CPU
		{F31636C8-22D8-472A-024F-2373B3E7C97D}.Release|Any CPU.ActiveCfg = Release|Any CPU
		{F31636C8-22D8-472A-024F-2373B3E7C97D}.Release|Any CPU.Build.0 = Release|Any CPU
		{F292CDC4-E975-CC35-3844-228DE636E8A2}.Debug|Any CPU.ActiveCfg = Debug|Any CPU
		{F292CDC4-E975-CC35-3844-228DE636E8A2}.Debug|Any CPU.Build.0 = Debug|Any CPU
		{F292CDC4-E975-CC35-3844-228DE636E8A2}.Release|Any CPU.ActiveCfg = Release|Any CPU
		{F292CDC4-E975-CC35-3844-228DE636E8A2}.Release|Any CPU.Build.0 = Release|Any CPU
		{512922E0-1EF3-6CB6-37E9-0CD44E3FD21F}.Debug|Any CPU.ActiveCfg = Debug|Any CPU
		{512922E0-1EF3-6CB6-37E9-0CD44E3FD21F}.Debug|Any CPU.Build.0 = Debug|Any CPU
		{512922E0-1EF3-6CB6-37E9-0CD44E3FD21F}.Release|Any CPU.ActiveCfg = Release|Any CPU
		{512922E0-1EF3-6CB6-37E9-0CD44E3FD21F}.Release|Any CPU.Build.0 = Release|Any CPU
		{93262113-93A0-84B2-F6E2-8D73CD428133}.Debug|Any CPU.ActiveCfg = Debug|Any CPU
		{93262113-93A0-84B2-F6E2-8D73CD428133}.Debug|Any CPU.Build.0 = Debug|Any CPU
		{93262113-93A0-84B2-F6E2-8D73CD428133}.Release|Any CPU.ActiveCfg = Release|Any CPU
		{93262113-93A0-84B2-F6E2-8D73CD428133}.Release|Any CPU.Build.0 = Release|Any CPU
		{51BD0D54-2340-1262-B68C-126540D72FEA}.Debug|Any CPU.ActiveCfg = Debug|Any CPU
		{51BD0D54-2340-1262-B68C-126540D72FEA}.Debug|Any CPU.Build.0 = Debug|Any CPU
		{51BD0D54-2340-1262-B68C-126540D72FEA}.Release|Any CPU.ActiveCfg = Release|Any CPU
		{51BD0D54-2340-1262-B68C-126540D72FEA}.Release|Any CPU.Build.0 = Release|Any CPU
		{81389FD6-4457-F33B-F57E-5C961EF317A0}.Debug|Any CPU.ActiveCfg = Debug|Any CPU
		{81389FD6-4457-F33B-F57E-5C961EF317A0}.Debug|Any CPU.Build.0 = Debug|Any CPU
		{81389FD6-4457-F33B-F57E-5C961EF317A0}.Release|Any CPU.ActiveCfg = Release|Any CPU
		{81389FD6-4457-F33B-F57E-5C961EF317A0}.Release|Any CPU.Build.0 = Release|Any CPU
		{2BE1CC3A-0818-D8CF-7048-DB1E7569FE10}.Debug|Any CPU.ActiveCfg = Debug|Any CPU
		{2BE1CC3A-0818-D8CF-7048-DB1E7569FE10}.Debug|Any CPU.Build.0 = Debug|Any CPU
		{2BE1CC3A-0818-D8CF-7048-DB1E7569FE10}.Release|Any CPU.ActiveCfg = Release|Any CPU
		{2BE1CC3A-0818-D8CF-7048-DB1E7569FE10}.Release|Any CPU.Build.0 = Release|Any CPU
	EndGlobalSection
	GlobalSection(SolutionProperties) = preSolution
		HideSolutionNode = FALSE
	EndGlobalSection
EndGlobal
